// !$*UTF8*$!
{
	archiveVersion = 1;
	classes = {
	};
	objectVersion = 50;
	objects = {

/* Begin PBXBuildFile section */
		51003CAD24EFB690004CE043 /* Future+Bag.swift in Sources */ = {isa = PBXBuildFile; fileRef = 51003CAC24EFB690004CE043 /* Future+Bag.swift */; };
		5154029F2487F8E2005D3695 /* AppDelegate.swift in Sources */ = {isa = PBXBuildFile; fileRef = 5154029E2487F8E2005D3695 /* AppDelegate.swift */; };
		515402A12487F8E2005D3695 /* SceneDelegate.swift in Sources */ = {isa = PBXBuildFile; fileRef = 515402A02487F8E2005D3695 /* SceneDelegate.swift */; };
		515402A32487F8E2005D3695 /* CredentialListView.swift in Sources */ = {isa = PBXBuildFile; fileRef = 515402A22487F8E2005D3695 /* CredentialListView.swift */; };
		515402A52487F8E3005D3695 /* Assets.xcassets in Resources */ = {isa = PBXBuildFile; fileRef = 515402A42487F8E3005D3695 /* Assets.xcassets */; };
		515402A82487F8E3005D3695 /* Preview Assets.xcassets in Resources */ = {isa = PBXBuildFile; fileRef = 515402A72487F8E3005D3695 /* Preview Assets.xcassets */; };
		515402AB2487F8E3005D3695 /* LaunchScreen.storyboard in Resources */ = {isa = PBXBuildFile; fileRef = 515402A92487F8E3005D3695 /* LaunchScreen.storyboard */; };
		515402B32487FA0E005D3695 /* CredentialView.swift in Sources */ = {isa = PBXBuildFile; fileRef = 515402B22487FA0E005D3695 /* CredentialView.swift */; };
		515402B524884B03005D3695 /* Credential.swift in Sources */ = {isa = PBXBuildFile; fileRef = 515402B424884B03005D3695 /* Credential.swift */; };
		515402C02488DF95005D3695 /* libYubiKit.a in Frameworks */ = {isa = PBXBuildFile; fileRef = 515402BD2488DF3E005D3695 /* libYubiKit.a */; };
		515402C82488E6FC005D3695 /* YubiKitWrapper.swift in Sources */ = {isa = PBXBuildFile; fileRef = 515402C72488E6FC005D3695 /* YubiKitWrapper.swift */; };
		516D4B0C249B4FDD0069D3E3 /* Yubikey.swift in Sources */ = {isa = PBXBuildFile; fileRef = 516D4B0B249B4FDD0069D3E3 /* Yubikey.swift */; };
		516D4B0E249B50740069D3E3 /* FIDO2.swift in Sources */ = {isa = PBXBuildFile; fileRef = 516D4B0D249B50740069D3E3 /* FIDO2.swift */; };
		516D4B10249B50BF0069D3E3 /* OATH.swift in Sources */ = {isa = PBXBuildFile; fileRef = 516D4B0F249B50BF0069D3E3 /* OATH.swift */; };
		516D4B12249B511B0069D3E3 /* MGMT.swift in Sources */ = {isa = PBXBuildFile; fileRef = 516D4B11249B511B0069D3E3 /* MGMT.swift */; };
		516D4B14249B77EF0069D3E3 /* YubiKitManager+Extensions.swift in Sources */ = {isa = PBXBuildFile; fileRef = 516D4B13249B77EF0069D3E3 /* YubiKitManager+Extensions.swift */; };
		516D4B17249B94120069D3E3 /* Publisher+ShareReplay.swift in Sources */ = {isa = PBXBuildFile; fileRef = 516D4B16249B94120069D3E3 /* Publisher+ShareReplay.swift */; };
		5182D96A24EA7ACC005EDB60 /* OATHSession.swift in Sources */ = {isa = PBXBuildFile; fileRef = 5182D96924EA7ACC005EDB60 /* OATHSession.swift */; };
		5184C62724A347EB00E102DA /* OATHViewModel.swift in Sources */ = {isa = PBXBuildFile; fileRef = 5184C62624A347EB00E102DA /* OATHViewModel.swift */; };
/* End PBXBuildFile section */

/* Begin PBXContainerItemProxy section */
		515402BC2488DF3E005D3695 /* PBXContainerItemProxy */ = {
			isa = PBXContainerItemProxy;
			containerPortal = 515402B72488DF3E005D3695 /* YubiKit.xcodeproj */;
			proxyType = 2;
			remoteGlobalIDString = 95C29611206247210091318B;
			remoteInfo = YubiKit;
		};
		515402BE2488DF3E005D3695 /* PBXContainerItemProxy */ = {
			isa = PBXContainerItemProxy;
			containerPortal = 515402B72488DF3E005D3695 /* YubiKit.xcodeproj */;
			proxyType = 2;
			remoteGlobalIDString = 95885B2520A3187700828D02;
			remoteInfo = YubiKitTests;
		};
/* End PBXContainerItemProxy section */

/* Begin PBXFileReference section */
		51003CAC24EFB690004CE043 /* Future+Bag.swift */ = {isa = PBXFileReference; lastKnownFileType = sourcecode.swift; path = "Future+Bag.swift"; sourceTree = "<group>"; };
		5154029B2487F8E2005D3695 /* SimpleOATHSwiftUI.app */ = {isa = PBXFileReference; explicitFileType = wrapper.application; includeInIndex = 0; path = SimpleOATHSwiftUI.app; sourceTree = BUILT_PRODUCTS_DIR; };
		5154029E2487F8E2005D3695 /* AppDelegate.swift */ = {isa = PBXFileReference; lastKnownFileType = sourcecode.swift; path = AppDelegate.swift; sourceTree = "<group>"; };
		515402A02487F8E2005D3695 /* SceneDelegate.swift */ = {isa = PBXFileReference; lastKnownFileType = sourcecode.swift; path = SceneDelegate.swift; sourceTree = "<group>"; };
		515402A22487F8E2005D3695 /* CredentialListView.swift */ = {isa = PBXFileReference; lastKnownFileType = sourcecode.swift; path = CredentialListView.swift; sourceTree = "<group>"; };
		515402A42487F8E3005D3695 /* Assets.xcassets */ = {isa = PBXFileReference; lastKnownFileType = folder.assetcatalog; path = Assets.xcassets; sourceTree = "<group>"; };
		515402A72487F8E3005D3695 /* Preview Assets.xcassets */ = {isa = PBXFileReference; lastKnownFileType = folder.assetcatalog; path = "Preview Assets.xcassets"; sourceTree = "<group>"; };
		515402AA2487F8E3005D3695 /* Base */ = {isa = PBXFileReference; lastKnownFileType = file.storyboard; name = Base; path = Base.lproj/LaunchScreen.storyboard; sourceTree = "<group>"; };
		515402AC2487F8E3005D3695 /* Info.plist */ = {isa = PBXFileReference; lastKnownFileType = text.plist.xml; path = Info.plist; sourceTree = "<group>"; };
		515402B22487FA0E005D3695 /* CredentialView.swift */ = {isa = PBXFileReference; lastKnownFileType = sourcecode.swift; path = CredentialView.swift; sourceTree = "<group>"; };
		515402B424884B03005D3695 /* Credential.swift */ = {isa = PBXFileReference; lastKnownFileType = sourcecode.swift; path = Credential.swift; sourceTree = "<group>"; };
		515402B72488DF3E005D3695 /* YubiKit.xcodeproj */ = {isa = PBXFileReference; lastKnownFileType = "wrapper.pb-project"; name = YubiKit.xcodeproj; path = YubiKit/YubiKit/YubiKit.xcodeproj; sourceTree = SOURCE_ROOT; };
		515402C22488E141005D3695 /* SimpleOATHSwiftUI-Bridging-Header.h */ = {isa = PBXFileReference; lastKnownFileType = sourcecode.c.h; path = "SimpleOATHSwiftUI-Bridging-Header.h"; sourceTree = "<group>"; };
		515402C32488E2BE005D3695 /* SimpleOATHSwiftUI.entitlements */ = {isa = PBXFileReference; lastKnownFileType = text.plist.entitlements; path = SimpleOATHSwiftUI.entitlements; sourceTree = "<group>"; };
		515402C72488E6FC005D3695 /* YubiKitWrapper.swift */ = {isa = PBXFileReference; lastKnownFileType = sourcecode.swift; path = YubiKitWrapper.swift; sourceTree = "<group>"; };
		516D4B0B249B4FDD0069D3E3 /* Yubikey.swift */ = {isa = PBXFileReference; lastKnownFileType = sourcecode.swift; path = Yubikey.swift; sourceTree = "<group>"; };
		516D4B0D249B50740069D3E3 /* FIDO2.swift */ = {isa = PBXFileReference; lastKnownFileType = sourcecode.swift; path = FIDO2.swift; sourceTree = "<group>"; };
		516D4B0F249B50BF0069D3E3 /* OATH.swift */ = {isa = PBXFileReference; lastKnownFileType = sourcecode.swift; path = OATH.swift; sourceTree = "<group>"; };
		516D4B11249B511B0069D3E3 /* MGMT.swift */ = {isa = PBXFileReference; lastKnownFileType = sourcecode.swift; path = MGMT.swift; sourceTree = "<group>"; };
		516D4B13249B77EF0069D3E3 /* YubiKitManager+Extensions.swift */ = {isa = PBXFileReference; lastKnownFileType = sourcecode.swift; path = "YubiKitManager+Extensions.swift"; sourceTree = "<group>"; };
		516D4B16249B94120069D3E3 /* Publisher+ShareReplay.swift */ = {isa = PBXFileReference; lastKnownFileType = sourcecode.swift; path = "Publisher+ShareReplay.swift"; sourceTree = "<group>"; };
		5182D96924EA7ACC005EDB60 /* OATHSession.swift */ = {isa = PBXFileReference; lastKnownFileType = sourcecode.swift; path = OATHSession.swift; sourceTree = "<group>"; };
		5184C62624A347EB00E102DA /* OATHViewModel.swift */ = {isa = PBXFileReference; lastKnownFileType = sourcecode.swift; path = OATHViewModel.swift; sourceTree = "<group>"; };
/* End PBXFileReference section */

/* Begin PBXFrameworksBuildPhase section */
		515402982487F8E2005D3695 /* Frameworks */ = {
			isa = PBXFrameworksBuildPhase;
			buildActionMask = 2147483647;
			files = (
				515402C02488DF95005D3695 /* libYubiKit.a in Frameworks */,
			);
			runOnlyForDeploymentPostprocessing = 0;
		};
/* End PBXFrameworksBuildPhase section */

/* Begin PBXGroup section */
		515402922487F8E1005D3695 = {
			isa = PBXGroup;
			children = (
				5154029D2487F8E2005D3695 /* SimpleOATHSwiftUI */,
				5154029C2487F8E2005D3695 /* Products */,
				515402B62488DF28005D3695 /* Frameworks */,
			);
			sourceTree = "<group>";
		};
		5154029C2487F8E2005D3695 /* Products */ = {
			isa = PBXGroup;
			children = (
				5154029B2487F8E2005D3695 /* SimpleOATHSwiftUI.app */,
			);
			name = Products;
			sourceTree = "<group>";
		};
		5154029D2487F8E2005D3695 /* SimpleOATHSwiftUI */ = {
			isa = PBXGroup;
			children = (
				516D4B08249B4FC90069D3E3 /* Wrapper */,
				515402C32488E2BE005D3695 /* SimpleOATHSwiftUI.entitlements */,
				5154029E2487F8E2005D3695 /* AppDelegate.swift */,
				515402A02487F8E2005D3695 /* SceneDelegate.swift */,
				515402A22487F8E2005D3695 /* CredentialListView.swift */,
				515402B22487FA0E005D3695 /* CredentialView.swift */,
				515402B424884B03005D3695 /* Credential.swift */,
				515402C72488E6FC005D3695 /* YubiKitWrapper.swift */,
				515402A42487F8E3005D3695 /* Assets.xcassets */,
				515402A92487F8E3005D3695 /* LaunchScreen.storyboard */,
				515402AC2487F8E3005D3695 /* Info.plist */,
				515402C22488E141005D3695 /* SimpleOATHSwiftUI-Bridging-Header.h */,
				515402A62487F8E3005D3695 /* Preview Content */,
			);
			path = SimpleOATHSwiftUI;
			sourceTree = "<group>";
		};
		515402A62487F8E3005D3695 /* Preview Content */ = {
			isa = PBXGroup;
			children = (
				515402A72487F8E3005D3695 /* Preview Assets.xcassets */,
			);
			path = "Preview Content";
			sourceTree = "<group>";
		};
		515402B62488DF28005D3695 /* Frameworks */ = {
			isa = PBXGroup;
			children = (
				515402B72488DF3E005D3695 /* YubiKit.xcodeproj */,
			);
			path = Frameworks;
			sourceTree = "<group>";
		};
		515402B82488DF3E005D3695 /* Products */ = {
			isa = PBXGroup;
			children = (
				515402BD2488DF3E005D3695 /* libYubiKit.a */,
				515402BF2488DF3E005D3695 /* YubiKitTests.xctest */,
			);
			name = Products;
			sourceTree = "<group>";
		};
		516D4B08249B4FC90069D3E3 /* Wrapper */ = {
			isa = PBXGroup;
			children = (
				516D4B15249B93CC0069D3E3 /* Combine */,
				516D4B0B249B4FDD0069D3E3 /* Yubikey.swift */,
				516D4B0D249B50740069D3E3 /* FIDO2.swift */,
				516D4B0F249B50BF0069D3E3 /* OATH.swift */,
				5182D96924EA7ACC005EDB60 /* OATHSession.swift */,
				516D4B11249B511B0069D3E3 /* MGMT.swift */,
				5184C62624A347EB00E102DA /* OATHViewModel.swift */,
				516D4B13249B77EF0069D3E3 /* YubiKitManager+Extensions.swift */,
			);
			path = Wrapper;
			sourceTree = "<group>";
		};
		516D4B15249B93CC0069D3E3 /* Combine */ = {
			isa = PBXGroup;
			children = (
				516D4B16249B94120069D3E3 /* Publisher+ShareReplay.swift */,
				51003CAC24EFB690004CE043 /* Future+Bag.swift */,
			);
			path = Combine;
			sourceTree = "<group>";
		};
/* End PBXGroup section */

/* Begin PBXNativeTarget section */
		5154029A2487F8E2005D3695 /* SimpleOATHSwiftUI */ = {
			isa = PBXNativeTarget;
			buildConfigurationList = 515402AF2487F8E3005D3695 /* Build configuration list for PBXNativeTarget "SimpleOATHSwiftUI" */;
			buildPhases = (
				515402972487F8E2005D3695 /* Sources */,
				515402982487F8E2005D3695 /* Frameworks */,
				515402992487F8E2005D3695 /* Resources */,
			);
			buildRules = (
			);
			dependencies = (
			);
			name = SimpleOATHSwiftUI;
			productName = SimpleOATHSwiftUI;
			productReference = 5154029B2487F8E2005D3695 /* SimpleOATHSwiftUI.app */;
			productType = "com.apple.product-type.application";
		};
/* End PBXNativeTarget section */

/* Begin PBXProject section */
		515402932487F8E1005D3695 /* Project object */ = {
			isa = PBXProject;
			attributes = {
				LastSwiftUpdateCheck = 1150;
				LastUpgradeCheck = 1150;
				ORGANIZATIONNAME = "Jens Utbult";
				TargetAttributes = {
					5154029A2487F8E2005D3695 = {
						CreatedOnToolsVersion = 11.5;
					};
				};
			};
			buildConfigurationList = 515402962487F8E1005D3695 /* Build configuration list for PBXProject "SimpleOATHSwiftUI" */;
			compatibilityVersion = "Xcode 9.3";
			developmentRegion = en;
			hasScannedForEncodings = 0;
			knownRegions = (
				en,
				Base,
			);
			mainGroup = 515402922487F8E1005D3695;
			productRefGroup = 5154029C2487F8E2005D3695 /* Products */;
			projectDirPath = "";
			projectReferences = (
				{
					ProductGroup = 515402B82488DF3E005D3695 /* Products */;
					ProjectRef = 515402B72488DF3E005D3695 /* YubiKit.xcodeproj */;
				},
			);
			projectRoot = "";
			targets = (
				5154029A2487F8E2005D3695 /* SimpleOATHSwiftUI */,
			);
		};
/* End PBXProject section */

/* Begin PBXReferenceProxy section */
		515402BD2488DF3E005D3695 /* libYubiKit.a */ = {
			isa = PBXReferenceProxy;
			fileType = archive.ar;
			path = libYubiKit.a;
			remoteRef = 515402BC2488DF3E005D3695 /* PBXContainerItemProxy */;
			sourceTree = BUILT_PRODUCTS_DIR;
		};
		515402BF2488DF3E005D3695 /* YubiKitTests.xctest */ = {
			isa = PBXReferenceProxy;
			fileType = wrapper.cfbundle;
			path = YubiKitTests.xctest;
			remoteRef = 515402BE2488DF3E005D3695 /* PBXContainerItemProxy */;
			sourceTree = BUILT_PRODUCTS_DIR;
		};
/* End PBXReferenceProxy section */

/* Begin PBXResourcesBuildPhase section */
		515402992487F8E2005D3695 /* Resources */ = {
			isa = PBXResourcesBuildPhase;
			buildActionMask = 2147483647;
			files = (
				515402AB2487F8E3005D3695 /* LaunchScreen.storyboard in Resources */,
				515402A82487F8E3005D3695 /* Preview Assets.xcassets in Resources */,
				515402A52487F8E3005D3695 /* Assets.xcassets in Resources */,
			);
			runOnlyForDeploymentPostprocessing = 0;
		};
/* End PBXResourcesBuildPhase section */

/* Begin PBXSourcesBuildPhase section */
		515402972487F8E2005D3695 /* Sources */ = {
			isa = PBXSourcesBuildPhase;
			buildActionMask = 2147483647;
			files = (
				5154029F2487F8E2005D3695 /* AppDelegate.swift in Sources */,
				516D4B0C249B4FDD0069D3E3 /* Yubikey.swift in Sources */,
				515402C82488E6FC005D3695 /* YubiKitWrapper.swift in Sources */,
				5184C62724A347EB00E102DA /* OATHViewModel.swift in Sources */,
				515402B32487FA0E005D3695 /* CredentialView.swift in Sources */,
				516D4B10249B50BF0069D3E3 /* OATH.swift in Sources */,
				5182D96A24EA7ACC005EDB60 /* OATHSession.swift in Sources */,
				515402B524884B03005D3695 /* Credential.swift in Sources */,
				515402A12487F8E2005D3695 /* SceneDelegate.swift in Sources */,
				516D4B17249B94120069D3E3 /* Publisher+ShareReplay.swift in Sources */,
				516D4B12249B511B0069D3E3 /* MGMT.swift in Sources */,
				515402A32487F8E2005D3695 /* CredentialListView.swift in Sources */,
				51003CAD24EFB690004CE043 /* Future+Bag.swift in Sources */,
				516D4B0E249B50740069D3E3 /* FIDO2.swift in Sources */,
				516D4B14249B77EF0069D3E3 /* YubiKitManager+Extensions.swift in Sources */,
			);
			runOnlyForDeploymentPostprocessing = 0;
		};
/* End PBXSourcesBuildPhase section */

/* Begin PBXVariantGroup section */
		515402A92487F8E3005D3695 /* LaunchScreen.storyboard */ = {
			isa = PBXVariantGroup;
			children = (
				515402AA2487F8E3005D3695 /* Base */,
			);
			name = LaunchScreen.storyboard;
			sourceTree = "<group>";
		};
/* End PBXVariantGroup section */

/* Begin XCBuildConfiguration section */
		515402AD2487F8E3005D3695 /* Debug */ = {
			isa = XCBuildConfiguration;
			buildSettings = {
				ALWAYS_SEARCH_USER_PATHS = NO;
				CLANG_ANALYZER_NONNULL = YES;
				CLANG_ANALYZER_NUMBER_OBJECT_CONVERSION = YES_AGGRESSIVE;
				CLANG_CXX_LANGUAGE_STANDARD = "gnu++14";
				CLANG_CXX_LIBRARY = "libc++";
				CLANG_ENABLE_MODULES = YES;
				CLANG_ENABLE_OBJC_ARC = YES;
				CLANG_ENABLE_OBJC_WEAK = YES;
				CLANG_WARN_BLOCK_CAPTURE_AUTORELEASING = YES;
				CLANG_WARN_BOOL_CONVERSION = YES;
				CLANG_WARN_COMMA = YES;
				CLANG_WARN_CONSTANT_CONVERSION = YES;
				CLANG_WARN_DEPRECATED_OBJC_IMPLEMENTATIONS = YES;
				CLANG_WARN_DIRECT_OBJC_ISA_USAGE = YES_ERROR;
				CLANG_WARN_DOCUMENTATION_COMMENTS = YES;
				CLANG_WARN_EMPTY_BODY = YES;
				CLANG_WARN_ENUM_CONVERSION = YES;
				CLANG_WARN_INFINITE_RECURSION = YES;
				CLANG_WARN_INT_CONVERSION = YES;
				CLANG_WARN_NON_LITERAL_NULL_CONVERSION = YES;
				CLANG_WARN_OBJC_IMPLICIT_RETAIN_SELF = YES;
				CLANG_WARN_OBJC_LITERAL_CONVERSION = YES;
				CLANG_WARN_OBJC_ROOT_CLASS = YES_ERROR;
				CLANG_WARN_RANGE_LOOP_ANALYSIS = YES;
				CLANG_WARN_STRICT_PROTOTYPES = YES;
				CLANG_WARN_SUSPICIOUS_MOVE = YES;
				CLANG_WARN_UNGUARDED_AVAILABILITY = YES_AGGRESSIVE;
				CLANG_WARN_UNREACHABLE_CODE = YES;
				CLANG_WARN__DUPLICATE_METHOD_MATCH = YES;
				COPY_PHASE_STRIP = NO;
				DEBUG_INFORMATION_FORMAT = dwarf;
				ENABLE_STRICT_OBJC_MSGSEND = YES;
				ENABLE_TESTABILITY = YES;
				GCC_C_LANGUAGE_STANDARD = gnu11;
				GCC_DYNAMIC_NO_PIC = NO;
				GCC_NO_COMMON_BLOCKS = YES;
				GCC_OPTIMIZATION_LEVEL = 0;
				GCC_PREPROCESSOR_DEFINITIONS = (
					"DEBUG=1",
					"$(inherited)",
				);
				GCC_WARN_64_TO_32_BIT_CONVERSION = YES;
				GCC_WARN_ABOUT_RETURN_TYPE = YES_ERROR;
				GCC_WARN_UNDECLARED_SELECTOR = YES;
				GCC_WARN_UNINITIALIZED_AUTOS = YES_AGGRESSIVE;
				GCC_WARN_UNUSED_FUNCTION = YES;
				GCC_WARN_UNUSED_VARIABLE = YES;
				HEADER_SEARCH_PATHS = "./YubiKit/**";
				IPHONEOS_DEPLOYMENT_TARGET = 13.5;
				MTL_ENABLE_DEBUG_INFO = INCLUDE_SOURCE;
				MTL_FAST_MATH = YES;
				ONLY_ACTIVE_ARCH = YES;
				OTHER_LDFLAGS = "-ObjC";
				SDKROOT = iphoneos;
				SWIFT_ACTIVE_COMPILATION_CONDITIONS = DEBUG;
				SWIFT_OBJC_BRIDGING_HEADER = "./SimpleOATHSwiftUI/SimpleOATHSwiftUI-Bridging-Header.h";
				SWIFT_OPTIMIZATION_LEVEL = "-Onone";
			};
			name = Debug;
		};
		515402AE2487F8E3005D3695 /* Release */ = {
			isa = XCBuildConfiguration;
			buildSettings = {
				ALWAYS_SEARCH_USER_PATHS = NO;
				CLANG_ANALYZER_NONNULL = YES;
				CLANG_ANALYZER_NUMBER_OBJECT_CONVERSION = YES_AGGRESSIVE;
				CLANG_CXX_LANGUAGE_STANDARD = "gnu++14";
				CLANG_CXX_LIBRARY = "libc++";
				CLANG_ENABLE_MODULES = YES;
				CLANG_ENABLE_OBJC_ARC = YES;
				CLANG_ENABLE_OBJC_WEAK = YES;
				CLANG_WARN_BLOCK_CAPTURE_AUTORELEASING = YES;
				CLANG_WARN_BOOL_CONVERSION = YES;
				CLANG_WARN_COMMA = YES;
				CLANG_WARN_CONSTANT_CONVERSION = YES;
				CLANG_WARN_DEPRECATED_OBJC_IMPLEMENTATIONS = YES;
				CLANG_WARN_DIRECT_OBJC_ISA_USAGE = YES_ERROR;
				CLANG_WARN_DOCUMENTATION_COMMENTS = YES;
				CLANG_WARN_EMPTY_BODY = YES;
				CLANG_WARN_ENUM_CONVERSION = YES;
				CLANG_WARN_INFINITE_RECURSION = YES;
				CLANG_WARN_INT_CONVERSION = YES;
				CLANG_WARN_NON_LITERAL_NULL_CONVERSION = YES;
				CLANG_WARN_OBJC_IMPLICIT_RETAIN_SELF = YES;
				CLANG_WARN_OBJC_LITERAL_CONVERSION = YES;
				CLANG_WARN_OBJC_ROOT_CLASS = YES_ERROR;
				CLANG_WARN_RANGE_LOOP_ANALYSIS = YES;
				CLANG_WARN_STRICT_PROTOTYPES = YES;
				CLANG_WARN_SUSPICIOUS_MOVE = YES;
				CLANG_WARN_UNGUARDED_AVAILABILITY = YES_AGGRESSIVE;
				CLANG_WARN_UNREACHABLE_CODE = YES;
				CLANG_WARN__DUPLICATE_METHOD_MATCH = YES;
				COPY_PHASE_STRIP = NO;
				DEBUG_INFORMATION_FORMAT = "dwarf-with-dsym";
				ENABLE_NS_ASSERTIONS = NO;
				ENABLE_STRICT_OBJC_MSGSEND = YES;
				GCC_C_LANGUAGE_STANDARD = gnu11;
				GCC_NO_COMMON_BLOCKS = YES;
				GCC_WARN_64_TO_32_BIT_CONVERSION = YES;
				GCC_WARN_ABOUT_RETURN_TYPE = YES_ERROR;
				GCC_WARN_UNDECLARED_SELECTOR = YES;
				GCC_WARN_UNINITIALIZED_AUTOS = YES_AGGRESSIVE;
				GCC_WARN_UNUSED_FUNCTION = YES;
				GCC_WARN_UNUSED_VARIABLE = YES;
				HEADER_SEARCH_PATHS = "./YubiKit/**";
				IPHONEOS_DEPLOYMENT_TARGET = 13.5;
				MTL_ENABLE_DEBUG_INFO = NO;
				MTL_FAST_MATH = YES;
				OTHER_LDFLAGS = "-ObjC";
				SDKROOT = iphoneos;
				SWIFT_COMPILATION_MODE = wholemodule;
				SWIFT_OBJC_BRIDGING_HEADER = "./SimpleOATHSwiftUI/SimpleOATHSwiftUI-Bridging-Header.h";
				SWIFT_OPTIMIZATION_LEVEL = "-O";
				VALIDATE_PRODUCT = YES;
			};
			name = Release;
		};
		515402B02487F8E3005D3695 /* Debug */ = {
			isa = XCBuildConfiguration;
			buildSettings = {
				ASSETCATALOG_COMPILER_APPICON_NAME = AppIcon;
				CODE_SIGN_ENTITLEMENTS = SimpleOATHSwiftUI/SimpleOATHSwiftUI.entitlements;
				CODE_SIGN_STYLE = Automatic;
				DEVELOPMENT_ASSET_PATHS = "\"SimpleOATHSwiftUI/Preview Content\"";
				DEVELOPMENT_TEAM = JQ24ZDH48X;
				ENABLE_PREVIEWS = YES;
				INFOPLIST_FILE = SimpleOATHSwiftUI/Info.plist;
				LD_RUNPATH_SEARCH_PATHS = (
					"$(inherited)",
					"@executable_path/Frameworks",
				);
				PRODUCT_BUNDLE_IDENTIFIER = com.yubico.test.SimpleOATHSwiftUI;
				PRODUCT_NAME = "$(TARGET_NAME)";
				SWIFT_VERSION = 5.0;
				TARGETED_DEVICE_FAMILY = "1,2";
			};
			name = Debug;
		};
		515402B12487F8E3005D3695 /* Release */ = {
			isa = XCBuildConfiguration;
			buildSettings = {
				ASSETCATALOG_COMPILER_APPICON_NAME = AppIcon;
				CODE_SIGN_ENTITLEMENTS = SimpleOATHSwiftUI/SimpleOATHSwiftUI.entitlements;
				CODE_SIGN_STYLE = Automatic;
				DEVELOPMENT_ASSET_PATHS = "\"SimpleOATHSwiftUI/Preview Content\"";
				DEVELOPMENT_TEAM = JQ24ZDH48X;
				ENABLE_PREVIEWS = YES;
				INFOPLIST_FILE = SimpleOATHSwiftUI/Info.plist;
				LD_RUNPATH_SEARCH_PATHS = (
					"$(inherited)",
					"@executable_path/Frameworks",
				);
				PRODUCT_BUNDLE_IDENTIFIER = com.yubico.test.SimpleOATHSwiftUI;
				PRODUCT_NAME = "$(TARGET_NAME)";
				SWIFT_VERSION = 5.0;
				TARGETED_DEVICE_FAMILY = "1,2";
			};
			name = Release;
		};
/* End XCBuildConfiguration section */

/* Begin XCConfigurationList section */
		515402962487F8E1005D3695 /* Build configuration list for PBXProject "SimpleOATHSwiftUI" */ = {
			isa = XCConfigurationList;
			buildConfigurations = (
				515402AD2487F8E3005D3695 /* Debug */,
				515402AE2487F8E3005D3695 /* Release */,
			);
			defaultConfigurationIsVisible = 0;
			defaultConfigurationName = Release;
		};
		515402AF2487F8E3005D3695 /* Build configuration list for PBXNativeTarget "SimpleOATHSwiftUI" */ = {
			isa = XCConfigurationList;
			buildConfigurations = (
				515402B02487F8E3005D3695 /* Debug */,
				515402B12487F8E3005D3695 /* Release */,
			);
			defaultConfigurationIsVisible = 0;
			defaultConfigurationName = Release;
		};
/* End XCConfigurationList section */
	};
	rootObject = 515402932487F8E1005D3695 /* Project object */;
}
